// !$*UTF8*$!
{
	archiveVersion = 1;
	classes = {
	};
	objectVersion = 55;
	objects = {

/* Begin PBXBuildFile section */
		477F0E942722BD56003E2A41 /* test.swift in Sources */ = {isa = PBXBuildFile; fileRef = 477F0E932722BD56003E2A41 /* test.swift */; };
		47936FE127210A07004F9BA8 /* Tests_iOS.swift in Sources */ = {isa = PBXBuildFile; fileRef = 47936FE027210A07004F9BA8 /* Tests_iOS.swift */; };
		47936FE327210A07004F9BA8 /* Tests_iOSLaunchTests.swift in Sources */ = {isa = PBXBuildFile; fileRef = 47936FE227210A07004F9BA8 /* Tests_iOSLaunchTests.swift */; };
		47936FED27210A07004F9BA8 /* Tests_macOS.swift in Sources */ = {isa = PBXBuildFile; fileRef = 47936FEC27210A07004F9BA8 /* Tests_macOS.swift */; };
		47936FEF27210A07004F9BA8 /* Tests_macOSLaunchTests.swift in Sources */ = {isa = PBXBuildFile; fileRef = 47936FEE27210A07004F9BA8 /* Tests_macOSLaunchTests.swift */; };
		47936FF027210A07004F9BA8 /* UI_337App.swift in Sources */ = {isa = PBXBuildFile; fileRef = 47936FC827210A06004F9BA8 /* UI_337App.swift */; };
		47936FF127210A07004F9BA8 /* UI_337App.swift in Sources */ = {isa = PBXBuildFile; fileRef = 47936FC827210A06004F9BA8 /* UI_337App.swift */; };
		47936FF227210A07004F9BA8 /* ContentView.swift in Sources */ = {isa = PBXBuildFile; fileRef = 47936FC927210A06004F9BA8 /* ContentView.swift */; };
		47936FF327210A07004F9BA8 /* ContentView.swift in Sources */ = {isa = PBXBuildFile; fileRef = 47936FC927210A06004F9BA8 /* ContentView.swift */; };
		47936FF427210A07004F9BA8 /* Assets.xcassets in Resources */ = {isa = PBXBuildFile; fileRef = 47936FCA27210A07004F9BA8 /* Assets.xcassets */; };
		47936FF527210A07004F9BA8 /* Assets.xcassets in Resources */ = {isa = PBXBuildFile; fileRef = 47936FCA27210A07004F9BA8 /* Assets.xcassets */; };
/* End PBXBuildFile section */

/* Begin PBXContainerItemProxy section */
		47936FDD27210A07004F9BA8 /* PBXContainerItemProxy */ = {
			isa = PBXContainerItemProxy;
			containerPortal = 47936FC327210A06004F9BA8 /* Project object */;
			proxyType = 1;
			remoteGlobalIDString = 47936FCE27210A07004F9BA8;
			remoteInfo = "UI-337 (iOS)";
		};
		47936FE927210A07004F9BA8 /* PBXContainerItemProxy */ = {
			isa = PBXContainerItemProxy;
			containerPortal = 47936FC327210A06004F9BA8 /* Project object */;
			proxyType = 1;
			remoteGlobalIDString = 47936FD427210A07004F9BA8;
			remoteInfo = "UI-337 (macOS)";
		};
/* End PBXContainerItemProxy section */

/* Begin PBXFileReference section */
		477F0E932722BD56003E2A41 /* test.swift */ = {isa = PBXFileReference; lastKnownFileType = sourcecode.swift; path = test.swift; sourceTree = "<group>"; };
		47936FC827210A06004F9BA8 /* UI_337App.swift */ = {isa = PBXFileReference; lastKnownFileType = sourcecode.swift; path = UI_337App.swift; sourceTree = "<group>"; };
		47936FC927210A06004F9BA8 /* ContentView.swift */ = {isa = PBXFileReference; lastKnownFileType = sourcecode.swift; path = ContentView.swift; sourceTree = "<group>"; };
		47936FCA27210A07004F9BA8 /* Assets.xcassets */ = {isa = PBXFileReference; lastKnownFileType = folder.assetcatalog; path = Assets.xcassets; sourceTree = "<group>"; };
		47936FCF27210A07004F9BA8 /* UI-337.app */ = {isa = PBXFileReference; explicitFileType = wrapper.application; includeInIndex = 0; path = "UI-337.app"; sourceTree = BUILT_PRODUCTS_DIR; };
		47936FD527210A07004F9BA8 /* UI-337.app */ = {isa = PBXFileReference; explicitFileType = wrapper.application; includeInIndex = 0; path = "UI-337.app"; sourceTree = BUILT_PRODUCTS_DIR; };
		47936FD727210A07004F9BA8 /* macOS.entitlements */ = {isa = PBXFileReference; lastKnownFileType = text.plist.entitlements; path = macOS.entitlements; sourceTree = "<group>"; };
		47936FDC27210A07004F9BA8 /* Tests iOS.xctest */ = {isa = PBXFileReference; explicitFileType = wrapper.cfbundle; includeInIndex = 0; path = "Tests iOS.xctest"; sourceTree = BUILT_PRODUCTS_DIR; };
		47936FE027210A07004F9BA8 /* Tests_iOS.swift */ = {isa = PBXFileReference; lastKnownFileType = sourcecode.swift; path = Tests_iOS.swift; sourceTree = "<group>"; };
		47936FE227210A07004F9BA8 /* Tests_iOSLaunchTests.swift */ = {isa = PBXFileReference; lastKnownFileType = sourcecode.swift; path = Tests_iOSLaunchTests.swift; sourceTree = "<group>"; };
		47936FE827210A07004F9BA8 /* Tests macOS.xctest */ = {isa = PBXFileReference; explicitFileType = wrapper.cfbundle; includeInIndex = 0; path = "Tests macOS.xctest"; sourceTree = BUILT_PRODUCTS_DIR; };
		47936FEC27210A07004F9BA8 /* Tests_macOS.swift */ = {isa = PBXFileReference; lastKnownFileType = sourcecode.swift; path = Tests_macOS.swift; sourceTree = "<group>"; };
		47936FEE27210A07004F9BA8 /* Tests_macOSLaunchTests.swift */ = {isa = PBXFileReference; lastKnownFileType = sourcecode.swift; path = Tests_macOSLaunchTests.swift; sourceTree = "<group>"; };
/* End PBXFileReference section */

/* Begin PBXFrameworksBuildPhase section */
		47936FCC27210A07004F9BA8 /* Frameworks */ = {
			isa = PBXFrameworksBuildPhase;
			buildActionMask = 2147483647;
			files = (
			);
			runOnlyForDeploymentPostprocessing = 0;
		};
		47936FD227210A07004F9BA8 /* Frameworks */ = {
			isa = PBXFrameworksBuildPhase;
			buildActionMask = 2147483647;
			files = (
			);
			runOnlyForDeploymentPostprocessing = 0;
		};
		47936FD927210A07004F9BA8 /* Frameworks */ = {
			isa = PBXFrameworksBuildPhase;
			buildActionMask = 2147483647;
			files = (
			);
			runOnlyForDeploymentPostprocessing = 0;
		};
		47936FE527210A07004F9BA8 /* Frameworks */ = {
			isa = PBXFrameworksBuildPhase;
			buildActionMask = 2147483647;
			files = (
			);
			runOnlyForDeploymentPostprocessing = 0;
		};
/* End PBXFrameworksBuildPhase section */

/* Begin PBXGroup section */
		47936FC227210A06004F9BA8 = {
			isa = PBXGroup;
			children = (
				477F0E932722BD56003E2A41 /* test.swift */,
				47936FC727210A06004F9BA8 /* Shared */,
				47936FD627210A07004F9BA8 /* macOS */,
				47936FDF27210A07004F9BA8 /* Tests iOS */,
				47936FEB27210A07004F9BA8 /* Tests macOS */,
				47936FD027210A07004F9BA8 /* Products */,
			);
			sourceTree = "<group>";
		};
		47936FC727210A06004F9BA8 /* Shared */ = {
			isa = PBXGroup;
			children = (
				47936FC827210A06004F9BA8 /* UI_337App.swift */,
				47936FC927210A06004F9BA8 /* ContentView.swift */,
				47936FCA27210A07004F9BA8 /* Assets.xcassets */,
			);
			path = Shared;
			sourceTree = "<group>";
		};
		47936FD027210A07004F9BA8 /* Products */ = {
			isa = PBXGroup;
			children = (
				47936FCF27210A07004F9BA8 /* UI-337.app */,
				47936FD527210A07004F9BA8 /* UI-337.app */,
				47936FDC27210A07004F9BA8 /* Tests iOS.xctest */,
				47936FE827210A07004F9BA8 /* Tests macOS.xctest */,
			);
			name = Products;
			sourceTree = "<group>";
		};
		47936FD627210A07004F9BA8 /* macOS */ = {
			isa = PBXGroup;
			children = (
				47936FD727210A07004F9BA8 /* macOS.entitlements */,
			);
			path = macOS;
			sourceTree = "<group>";
		};
		47936FDF27210A07004F9BA8 /* Tests iOS */ = {
			isa = PBXGroup;
			children = (
				47936FE027210A07004F9BA8 /* Tests_iOS.swift */,
				47936FE227210A07004F9BA8 /* Tests_iOSLaunchTests.swift */,
			);
			path = "Tests iOS";
			sourceTree = "<group>";
		};
		47936FEB27210A07004F9BA8 /* Tests macOS */ = {
			isa = PBXGroup;
			children = (
				47936FEC27210A07004F9BA8 /* Tests_macOS.swift */,
				47936FEE27210A07004F9BA8 /* Tests_macOSLaunchTests.swift */,
			);
			path = "Tests macOS";
			sourceTree = "<group>";
		};
/* End PBXGroup section */

/* Begin PBXNativeTarget section */
		47936FCE27210A07004F9BA8 /* UI-337 (iOS) */ = {
			isa = PBXNativeTarget;
			buildConfigurationList = 47936FF827210A07004F9BA8 /* Build configuration list for PBXNativeTarget "UI-337 (iOS)" */;
			buildPhases = (
				47936FCB27210A07004F9BA8 /* Sources */,
				47936FCC27210A07004F9BA8 /* Frameworks */,
				47936FCD27210A07004F9BA8 /* Resources */,
			);
			buildRules = (
			);
			dependencies = (
			);
			name = "UI-337 (iOS)";
			productName = "UI-337 (iOS)";
			productReference = 47936FCF27210A07004F9BA8 /* UI-337.app */;
			productType = "com.apple.product-type.application";
		};
		47936FD427210A07004F9BA8 /* UI-337 (macOS) */ = {
			isa = PBXNativeTarget;
			buildConfigurationList = 47936FFB27210A07004F9BA8 /* Build configuration list for PBXNativeTarget "UI-337 (macOS)" */;
			buildPhases = (
				47936FD127210A07004F9BA8 /* Sources */,
				47936FD227210A07004F9BA8 /* Frameworks */,
				47936FD327210A07004F9BA8 /* Resources */,
			);
			buildRules = (
			);
			dependencies = (
			);
			name = "UI-337 (macOS)";
			productName = "UI-337 (macOS)";
			productReference = 47936FD527210A07004F9BA8 /* UI-337.app */;
			productType = "com.apple.product-type.application";
		};
		47936FDB27210A07004F9BA8 /* Tests iOS */ = {
			isa = PBXNativeTarget;
			buildConfigurationList = 47936FFE27210A07004F9BA8 /* Build configuration list for PBXNativeTarget "Tests iOS" */;
			buildPhases = (
				47936FD827210A07004F9BA8 /* Sources */,
				47936FD927210A07004F9BA8 /* Frameworks */,
				47936FDA27210A07004F9BA8 /* Resources */,
			);
			buildRules = (
			);
			dependencies = (
				47936FDE27210A07004F9BA8 /* PBXTargetDependency */,
			);
			name = "Tests iOS";
			productName = "Tests iOS";
			productReference = 47936FDC27210A07004F9BA8 /* Tests iOS.xctest */;
			productType = "com.apple.product-type.bundle.ui-testing";
		};
		47936FE727210A07004F9BA8 /* Tests macOS */ = {
			isa = PBXNativeTarget;
			buildConfigurationList = 4793700127210A07004F9BA8 /* Build configuration list for PBXNativeTarget "Tests macOS" */;
			buildPhases = (
				47936FE427210A07004F9BA8 /* Sources */,
				47936FE527210A07004F9BA8 /* Frameworks */,
				47936FE627210A07004F9BA8 /* Resources */,
			);
			buildRules = (
			);
			dependencies = (
				47936FEA27210A07004F9BA8 /* PBXTargetDependency */,
			);
			name = "Tests macOS";
			productName = "Tests macOS";
			productReference = 47936FE827210A07004F9BA8 /* Tests macOS.xctest */;
			productType = "com.apple.product-type.bundle.ui-testing";
		};
/* End PBXNativeTarget section */

/* Begin PBXProject section */
		47936FC327210A06004F9BA8 /* Project object */ = {
			isa = PBXProject;
			attributes = {
				BuildIndependentTargetsInParallel = 1;
				LastSwiftUpdateCheck = 1310;
				LastUpgradeCheck = 1310;
				TargetAttributes = {
					47936FCE27210A07004F9BA8 = {
						CreatedOnToolsVersion = 13.1;
					};
					47936FD427210A07004F9BA8 = {
						CreatedOnToolsVersion = 13.1;
					};
					47936FDB27210A07004F9BA8 = {
						CreatedOnToolsVersion = 13.1;
						TestTargetID = 47936FCE27210A07004F9BA8;
					};
					47936FE727210A07004F9BA8 = {
						CreatedOnToolsVersion = 13.1;
						TestTargetID = 47936FD427210A07004F9BA8;
					};
				};
			};
			buildConfigurationList = 47936FC627210A06004F9BA8 /* Build configuration list for PBXProject "UI-337" */;
			compatibilityVersion = "Xcode 13.0";
			developmentRegion = en;
			hasScannedForEncodings = 0;
			knownRegions = (
				en,
				Base,
			);
			mainGroup = 47936FC227210A06004F9BA8;
			productRefGroup = 47936FD027210A07004F9BA8 /* Products */;
			projectDirPath = "";
			projectRoot = "";
			targets = (
				47936FCE27210A07004F9BA8 /* UI-337 (iOS) */,
				47936FD427210A07004F9BA8 /* UI-337 (macOS) */,
				47936FDB27210A07004F9BA8 /* Tests iOS */,
				47936FE727210A07004F9BA8 /* Tests macOS */,
			);
		};
/* End PBXProject section */

/* Begin PBXResourcesBuildPhase section */
		47936FCD27210A07004F9BA8 /* Resources */ = {
			isa = PBXResourcesBuildPhase;
			buildActionMask = 2147483647;
			files = (
				47936FF427210A07004F9BA8 /* Assets.xcassets in Resources */,
			);
			runOnlyForDeploymentPostprocessing = 0;
		};
		47936FD327210A07004F9BA8 /* Resources */ = {
			isa = PBXResourcesBuildPhase;
			buildActionMask = 2147483647;
			files = (
				47936FF527210A07004F9BA8 /* Assets.xcassets in Resources */,
			);
			runOnlyForDeploymentPostprocessing = 0;
		};
		47936FDA27210A07004F9BA8 /* Resources */ = {
			isa = PBXResourcesBuildPhase;
			buildActionMask = 2147483647;
			files = (
			);
			runOnlyForDeploymentPostprocessing = 0;
		};
		47936FE627210A07004F9BA8 /* Resources */ = {
			isa = PBXResourcesBuildPhase;
			buildActionMask = 2147483647;
			files = (
			);
			runOnlyForDeploymentPostprocessing = 0;
		};
/* End PBXResourcesBuildPhase section */

/* Begin PBXSourcesBuildPhase section */
		47936FCB27210A07004F9BA8 /* Sources */ = {
			isa = PBXSourcesBuildPhase;
			buildActionMask = 2147483647;
			files = (
				47936FF227210A07004F9BA8 /* ContentView.swift in Sources */,
				477F0E942722BD56003E2A41 /* test.swift in Sources */,
				47936FF027210A07004F9BA8 /* UI_337App.swift in Sources */,
			);
			runOnlyForDeploymentPostprocessing = 0;
		};
		47936FD127210A07004F9BA8 /* Sources */ = {
			isa = PBXSourcesBuildPhase;
			buildActionMask = 2147483647;
			files = (
				47936FF327210A07004F9BA8 /* ContentView.swift in Sources */,
				47936FF127210A07004F9BA8 /* UI_337App.swift in Sources */,
			);
			runOnlyForDeploymentPostprocessing = 0;
		};
		47936FD827210A07004F9BA8 /* Sources */ = {
			isa = PBXSourcesBuildPhase;
			buildActionMask = 2147483647;
			files = (
				47936FE327210A07004F9BA8 /* Tests_iOSLaunchTests.swift in Sources */,
				47936FE127210A07004F9BA8 /* Tests_iOS.swift in Sources */,
			);
			runOnlyForDeploymentPostprocessing = 0;
		};
		47936FE427210A07004F9BA8 /* Sources */ = {
			isa = PBXSourcesBuildPhase;
			buildActionMask = 2147483647;
			files = (
				47936FEF27210A07004F9BA8 /* Tests_macOSLaunchTests.swift in Sources */,
				47936FED27210A07004F9BA8 /* Tests_macOS.swift in Sources */,
			);
			runOnlyForDeploymentPostprocessing = 0;
		};
/* End PBXSourcesBuildPhase section */

/* Begin PBXTargetDependency section */
		47936FDE27210A07004F9BA8 /* PBXTargetDependency */ = {
			isa = PBXTargetDependency;
			target = 47936FCE27210A07004F9BA8 /* UI-337 (iOS) */;
			targetProxy = 47936FDD27210A07004F9BA8 /* PBXContainerItemProxy */;
		};
		47936FEA27210A07004F9BA8 /* PBXTargetDependency */ = {
			isa = PBXTargetDependency;
			target = 47936FD427210A07004F9BA8 /* UI-337 (macOS) */;
			targetProxy = 47936FE927210A07004F9BA8 /* PBXContainerItemProxy */;
		};
/* End PBXTargetDependency section */

/* Begin XCBuildConfiguration section */
		47936FF627210A07004F9BA8 /* Debug */ = {
			isa = XCBuildConfiguration;
			buildSettings = {
				ALWAYS_SEARCH_USER_PATHS = NO;
				CLANG_ANALYZER_NONNULL = YES;
				CLANG_ANALYZER_NUMBER_OBJECT_CONVERSION = YES_AGGRESSIVE;
				CLANG_CXX_LANGUAGE_STANDARD = "gnu++17";
				CLANG_CXX_LIBRARY = "libc++";
				CLANG_ENABLE_MODULES = YES;
				CLANG_ENABLE_OBJC_ARC = YES;
				CLANG_ENABLE_OBJC_WEAK = YES;
				CLANG_WARN_BLOCK_CAPTURE_AUTORELEASING = YES;
				CLANG_WARN_BOOL_CONVERSION = YES;
				CLANG_WARN_COMMA = YES;
				CLANG_WARN_CONSTANT_CONVERSION = YES;
				CLANG_WARN_DEPRECATED_OBJC_IMPLEMENTATIONS = YES;
				CLANG_WARN_DIRECT_OBJC_ISA_USAGE = YES_ERROR;
				CLANG_WARN_DOCUMENTATION_COMMENTS = YES;
				CLANG_WARN_EMPTY_BODY = YES;
				CLANG_WARN_ENUM_CONVERSION = YES;
				CLANG_WARN_INFINITE_RECURSION = YES;
				CLANG_WARN_INT_CONVERSION = YES;
				CLANG_WARN_NON_LITERAL_NULL_CONVERSION = YES;
				CLANG_WARN_OBJC_IMPLICIT_RETAIN_SELF = YES;
				CLANG_WARN_OBJC_LITERAL_CONVERSION = YES;
				CLANG_WARN_OBJC_ROOT_CLASS = YES_ERROR;
				CLANG_WARN_QUOTED_INCLUDE_IN_FRAMEWORK_HEADER = YES;
				CLANG_WARN_RANGE_LOOP_ANALYSIS = YES;
				CLANG_WARN_STRICT_PROTOTYPES = YES;
				CLANG_WARN_SUSPICIOUS_MOVE = YES;
				CLANG_WARN_UNGUARDED_AVAILABILITY = YES_AGGRESSIVE;
				CLANG_WARN_UNREACHABLE_CODE = YES;
				CLANG_WARN__DUPLICATE_METHOD_MATCH = YES;
				COPY_PHASE_STRIP = NO;
				DEBUG_INFORMATION_FORMAT = dwarf;
				ENABLE_STRICT_OBJC_MSGSEND = YES;
				ENABLE_TESTABILITY = YES;
				GCC_C_LANGUAGE_STANDARD = gnu11;
				GCC_DYNAMIC_NO_PIC = NO;
				GCC_NO_COMMON_BLOCKS = YES;
				GCC_OPTIMIZATION_LEVEL = 0;
				GCC_PREPROCESSOR_DEFINITIONS = (
					"DEBUG=1",
					"$(inherited)",
				);
				GCC_WARN_64_TO_32_BIT_CONVERSION = YES;
				GCC_WARN_ABOUT_RETURN_TYPE = YES_ERROR;
				GCC_WARN_UNDECLARED_SELECTOR = YES;
				GCC_WARN_UNINITIALIZED_AUTOS = YES_AGGRESSIVE;
				GCC_WARN_UNUSED_FUNCTION = YES;
				GCC_WARN_UNUSED_VARIABLE = YES;
				MTL_ENABLE_DEBUG_INFO = INCLUDE_SOURCE;
				MTL_FAST_MATH = YES;
				ONLY_ACTIVE_ARCH = YES;
				SWIFT_ACTIVE_COMPILATION_CONDITIONS = DEBUG;
				SWIFT_OPTIMIZATION_LEVEL = "-Onone";
			};
			name = Debug;
		};
		47936FF727210A07004F9BA8 /* Release */ = {
			isa = XCBuildConfiguration;
			buildSettings = {
				ALWAYS_SEARCH_USER_PATHS = NO;
				CLANG_ANALYZER_NONNULL = YES;
				CLANG_ANALYZER_NUMBER_OBJECT_CONVERSION = YES_AGGRESSIVE;
				CLANG_CXX_LANGUAGE_STANDARD = "gnu++17";
				CLANG_CXX_LIBRARY = "libc++";
				CLANG_ENABLE_MODULES = YES;
				CLANG_ENABLE_OBJC_ARC = YES;
				CLANG_ENABLE_OBJC_WEAK = YES;
				CLANG_WARN_BLOCK_CAPTURE_AUTORELEASING = YES;
				CLANG_WARN_BOOL_CONVERSION = YES;
				CLANG_WARN_COMMA = YES;
				CLANG_WARN_CONSTANT_CONVERSION = YES;
				CLANG_WARN_DEPRECATED_OBJC_IMPLEMENTATIONS = YES;
				CLANG_WARN_DIRECT_OBJC_ISA_USAGE = YES_ERROR;
				CLANG_WARN_DOCUMENTATION_COMMENTS = YES;
				CLANG_WARN_EMPTY_BODY = YES;
				CLANG_WARN_ENUM_CONVERSION = YES;
				CLANG_WARN_INFINITE_RECURSION = YES;
				CLANG_WARN_INT_CONVERSION = YES;
				CLANG_WARN_NON_LITERAL_NULL_CONVERSION = YES;
				CLANG_WARN_OBJC_IMPLICIT_RETAIN_SELF = YES;
				CLANG_WARN_OBJC_LITERAL_CONVERSION = YES;
				CLANG_WARN_OBJC_ROOT_CLASS = YES_ERROR;
				CLANG_WARN_QUOTED_INCLUDE_IN_FRAMEWORK_HEADER = YES;
				CLANG_WARN_RANGE_LOOP_ANALYSIS = YES;
				CLANG_WARN_STRICT_PROTOTYPES = YES;
				CLANG_WARN_SUSPICIOUS_MOVE = YES;
				CLANG_WARN_UNGUARDED_AVAILABILITY = YES_AGGRESSIVE;
				CLANG_WARN_UNREACHABLE_CODE = YES;
				CLANG_WARN__DUPLICATE_METHOD_MATCH = YES;
				COPY_PHASE_STRIP = NO;
				DEBUG_INFORMATION_FORMAT = "dwarf-with-dsym";
				ENABLE_NS_ASSERTIONS = NO;
				ENABLE_STRICT_OBJC_MSGSEND = YES;
				GCC_C_LANGUAGE_STANDARD = gnu11;
				GCC_NO_COMMON_BLOCKS = YES;
				GCC_WARN_64_TO_32_BIT_CONVERSION = YES;
				GCC_WARN_ABOUT_RETURN_TYPE = YES_ERROR;
				GCC_WARN_UNDECLARED_SELECTOR = YES;
				GCC_WARN_UNINITIALIZED_AUTOS = YES_AGGRESSIVE;
				GCC_WARN_UNUSED_FUNCTION = YES;
				GCC_WARN_UNUSED_VARIABLE = YES;
				MTL_ENABLE_DEBUG_INFO = NO;
				MTL_FAST_MATH = YES;
				SWIFT_COMPILATION_MODE = wholemodule;
				SWIFT_OPTIMIZATION_LEVEL = "-O";
			};
			name = Release;
		};
		47936FF927210A07004F9BA8 /* Debug */ = {
			isa = XCBuildConfiguration;
			buildSettings = {
				ASSETCATALOG_COMPILER_APPICON_NAME = AppIcon;
				ASSETCATALOG_COMPILER_GLOBAL_ACCENT_COLOR_NAME = AccentColor;
				CODE_SIGN_STYLE = Automatic;
				CURRENT_PROJECT_VERSION = 1;
				DEVELOPMENT_TEAM = 8CL4U468K5;
				ENABLE_PREVIEWS = YES;
				GENERATE_INFOPLIST_FILE = YES;
				INFOPLIST_KEY_UIApplicationSceneManifest_Generation = YES;
				INFOPLIST_KEY_UIApplicationSupportsIndirectInputEvents = YES;
				INFOPLIST_KEY_UILaunchScreen_Generation = YES;
				INFOPLIST_KEY_UISupportedInterfaceOrientations_iPad = "UIInterfaceOrientationPortrait UIInterfaceOrientationPortraitUpsideDown UIInterfaceOrientationLandscapeLeft UIInterfaceOrientationLandscapeRight";
				INFOPLIST_KEY_UISupportedInterfaceOrientations_iPhone = "UIInterfaceOrientationPortrait UIInterfaceOrientationLandscapeLeft UIInterfaceOrientationLandscapeRight";
				IPHONEOS_DEPLOYMENT_TARGET = 15.0;
				LD_RUNPATH_SEARCH_PATHS = (
					"$(inherited)",
					"@executable_path/Frameworks",
				);
				MARKETING_VERSION = 1.0;
				PRODUCT_BUNDLE_IDENTIFIER = "com.587.UI-337";
				PRODUCT_NAME = "UI-337";
				SDKROOT = iphoneos;
				SWIFT_EMIT_LOC_STRINGS = YES;
				SWIFT_VERSION = 5.0;
				TARGETED_DEVICE_FAMILY = "1,2";
			};
			name = Debug;
		};
		47936FFA27210A07004F9BA8 /* Release */ = {
			isa = XCBuildConfiguration;
			buildSettings = {
				ASSETCATALOG_COMPILER_APPICON_NAME = AppIcon;
				ASSETCATALOG_COMPILER_GLOBAL_ACCENT_COLOR_NAME = AccentColor;
				CODE_SIGN_STYLE = Automatic;
				CURRENT_PROJECT_VERSION = 1;
				DEVELOPMENT_TEAM = 8CL4U468K5;
				ENABLE_PREVIEWS = YES;
				GENERATE_INFOPLIST_FILE = YES;
				INFOPLIST_KEY_UIApplicationSceneManifest_Generation = YES;
				INFOPLIST_KEY_UIApplicationSupportsIndirectInputEvents = YES;
				INFOPLIST_KEY_UILaunchScreen_Generation = YES;
				INFOPLIST_KEY_UISupportedInterfaceOrientations_iPad = "UIInterfaceOrientationPortrait UIInterfaceOrientationPortraitUpsideDown UIInterfaceOrientationLandscapeLeft UIInterfaceOrientationLandscapeRight";
				INFOPLIST_KEY_UISupportedInterfaceOrientations_iPhone = "UIInterfaceOrientationPortrait UIInterfaceOrientationLandscapeLeft UIInterfaceOrientationLandscapeRight";
				IPHONEOS_DEPLOYMENT_TARGET = 15.0;
				LD_RUNPATH_SEARCH_PATHS = (
					"$(inherited)",
					"@executable_path/Frameworks",
				);
				MARKETING_VERSION = 1.0;
				PRODUCT_BUNDLE_IDENTIFIER = "com.587.UI-337";
				PRODUCT_NAME = "UI-337";
				SDKROOT = iphoneos;
				SWIFT_EMIT_LOC_STRINGS = YES;
				SWIFT_VERSION = 5.0;
				TARGETED_DEVICE_FAMILY = "1,2";
				VALIDATE_PRODUCT = YES;
			};
			name = Release;
		};
		47936FFC27210A07004F9BA8 /* Debug */ = {
			isa = XCBuildConfiguration;
			buildSettings = {
				ASSETCATALOG_COMPILER_APPICON_NAME = AppIcon;
				ASSETCATALOG_COMPILER_GLOBAL_ACCENT_COLOR_NAME = AccentColor;
				CODE_SIGN_ENTITLEMENTS = macOS/macOS.entitlements;
				CODE_SIGN_STYLE = Automatic;
				COMBINE_HIDPI_IMAGES = YES;
				CURRENT_PROJECT_VERSION = 1;
				DEVELOPMENT_TEAM = 8CL4U468K5;
				ENABLE_HARDENED_RUNTIME = YES;
				ENABLE_PREVIEWS = YES;
				GENERATE_INFOPLIST_FILE = YES;
				INFOPLIST_KEY_NSHumanReadableCopyright = "";
				LD_RUNPATH_SEARCH_PATHS = (
					"$(inherited)",
					"@executable_path/../Frameworks",
				);
				MACOSX_DEPLOYMENT_TARGET = 11.6;
				MARKETING_VERSION = 1.0;
				PRODUCT_BUNDLE_IDENTIFIER = "com.587.UI-337";
				PRODUCT_NAME = "UI-337";
				SDKROOT = macosx;
				SWIFT_EMIT_LOC_STRINGS = YES;
				SWIFT_VERSION = 5.0;
			};
			name = Debug;
		};
		47936FFD27210A07004F9BA8 /* Release */ = {
			isa = XCBuildConfiguration;
			buildSettings = {
				ASSETCATALOG_COMPILER_APPICON_NAME = AppIcon;
				ASSETCATALOG_COMPILER_GLOBAL_ACCENT_COLOR_NAME = AccentColor;
				CODE_SIGN_ENTITLEMENTS = macOS/macOS.entitlements;
				CODE_SIGN_STYLE = Automatic;
				COMBINE_HIDPI_IMAGES = YES;
				CURRENT_PROJECT_VERSION = 1;
				DEVELOPMENT_TEAM = 8CL4U468K5;
				ENABLE_HARDENED_RUNTIME = YES;
				ENABLE_PREVIEWS = YES;
				GENERATE_INFOPLIST_FILE = YES;
				INFOPLIST_KEY_NSHumanReadableCopyright = "";
				LD_RUNPATH_SEARCH_PATHS = (
					"$(inherited)",
					"@executable_path/../Frameworks",
				);
				MACOSX_DEPLOYMENT_TARGET = 11.6;
				MARKETING_VERSION = 1.0;
				PRODUCT_BUNDLE_IDENTIFIER = "com.587.UI-337";
				PRODUCT_NAME = "UI-337";
				SDKROOT = macosx;
				SWIFT_EMIT_LOC_STRINGS = YES;
				SWIFT_VERSION = 5.0;
			};
			name = Release;
		};
		47936FFF27210A07004F9BA8 /* Debug */ = {
			isa = XCBuildConfiguration;
			buildSettings = {
				ALWAYS_EMBED_SWIFT_STANDARD_LIBRARIES = YES;
				CODE_SIGN_STYLE = Automatic;
				CURRENT_PROJECT_VERSION = 1;
				DEVELOPMENT_TEAM = 8CL4U468K5;
				GENERATE_INFOPLIST_FILE = YES;
				IPHONEOS_DEPLOYMENT_TARGET = 15.0;
				LD_RUNPATH_SEARCH_PATHS = (
					"$(inherited)",
					"@executable_path/Frameworks",
					"@loader_path/Frameworks",
				);
				MARKETING_VERSION = 1.0;
				PRODUCT_BUNDLE_IDENTIFIER = "com.587.Tests-iOS";
				PRODUCT_NAME = "$(TARGET_NAME)";
				SDKROOT = iphoneos;
				SWIFT_EMIT_LOC_STRINGS = NO;
				SWIFT_VERSION = 5.0;
				TARGETED_DEVICE_FAMILY = "1,2";
				TEST_TARGET_NAME = "UI-337 (iOS)";
			};
			name = Debug;
		};
		4793700027210A07004F9BA8 /* Release */ = {
			isa = XCBuildConfiguration;
			buildSettings = {
				ALWAYS_EMBED_SWIFT_STANDARD_LIBRARIES = YES;
				CODE_SIGN_STYLE = Automatic;
				CURRENT_PROJECT_VERSION = 1;
				DEVELOPMENT_TEAM = 8CL4U468K5;
				GENERATE_INFOPLIST_FILE = YES;
				IPHONEOS_DEPLOYMENT_TARGET = 15.0;
				LD_RUNPATH_SEARCH_PATHS = (
					"$(inherited)",
					"@executable_path/Frameworks",
					"@loader_path/Frameworks",
				);
				MARKETING_VERSION = 1.0;
				PRODUCT_BUNDLE_IDENTIFIER = "com.587.Tests-iOS";
				PRODUCT_NAME = "$(TARGET_NAME)";
				SDKROOT = iphoneos;
				SWIFT_EMIT_LOC_STRINGS = NO;
				SWIFT_VERSION = 5.0;
				TARGETED_DEVICE_FAMILY = "1,2";
				TEST_TARGET_NAME = "UI-337 (iOS)";
				VALIDATE_PRODUCT = YES;
			};
			name = Release;
		};
		4793700227210A07004F9BA8 /* Debug */ = {
			isa = XCBuildConfiguration;
			buildSettings = {
				ALWAYS_EMBED_SWIFT_STANDARD_LIBRARIES = YES;
				CODE_SIGN_STYLE = Automatic;
				COMBINE_HIDPI_IMAGES = YES;
				CURRENT_PROJECT_VERSION = 1;
				DEVELOPMENT_TEAM = 8CL4U468K5;
				GENERATE_INFOPLIST_FILE = YES;
				LD_RUNPATH_SEARCH_PATHS = (
					"$(inherited)",
					"@executable_path/../Frameworks",
					"@loader_path/../Frameworks",
				);
				MACOSX_DEPLOYMENT_TARGET = 11.6;
				MARKETING_VERSION = 1.0;
				PRODUCT_BUNDLE_IDENTIFIER = "com.587.Tests-macOS";
				PRODUCT_NAME = "$(TARGET_NAME)";
				SDKROOT = macosx;
				SWIFT_EMIT_LOC_STRINGS = NO;
				SWIFT_VERSION = 5.0;
				TEST_TARGET_NAME = "UI-337 (macOS)";
			};
			name = Debug;
		};
		4793700327210A07004F9BA8 /* Release */ = {
			isa = XCBuildConfiguration;
			buildSettings = {
				ALWAYS_EMBED_SWIFT_STANDARD_LIBRARIES = YES;
				CODE_SIGN_STYLE = Automatic;
				COMBINE_HIDPI_IMAGES = YES;
				CURRENT_PROJECT_VERSION = 1;
				DEVELOPMENT_TEAM = 8CL4U468K5;
				GENERATE_INFOPLIST_FILE = YES;
				LD_RUNPATH_SEARCH_PATHS = (
					"$(inherited)",
					"@executable_path/../Frameworks",
					"@loader_path/../Frameworks",
				);
				MACOSX_DEPLOYMENT_TARGET = 11.6;
				MARKETING_VERSION = 1.0;
				PRODUCT_BUNDLE_IDENTIFIER = "com.587.Tests-macOS";
				PRODUCT_NAME = "$(TARGET_NAME)";
				SDKROOT = macosx;
				SWIFT_EMIT_LOC_STRINGS = NO;
				SWIFT_VERSION = 5.0;
				TEST_TARGET_NAME = "UI-337 (macOS)";
			};
			name = Release;
		};
/* End XCBuildConfiguration section */

/* Begin XCConfigurationList section */
		47936FC627210A06004F9BA8 /* Build configuration list for PBXProject "UI-337" */ = {
			isa = XCConfigurationList;
			buildConfigurations = (
				47936FF627210A07004F9BA8 /* Debug */,
				47936FF727210A07004F9BA8 /* Release */,
			);
			defaultConfigurationIsVisible = 0;
			defaultConfigurationName = Release;
		};
		47936FF827210A07004F9BA8 /* Build configuration list for PBXNativeTarget "UI-337 (iOS)" */ = {
			isa = XCConfigurationList;
			buildConfigurations = (
				47936FF927210A07004F9BA8 /* Debug */,
				47936FFA27210A07004F9BA8 /* Release */,
			);
			defaultConfigurationIsVisible = 0;
			defaultConfigurationName = Release;
		};
		47936FFB27210A07004F9BA8 /* Build configuration list for PBXNativeTarget "UI-337 (macOS)" */ = {
			isa = XCConfigurationList;
			buildConfigurations = (
				47936FFC27210A07004F9BA8 /* Debug */,
				47936FFD27210A07004F9BA8 /* Release */,
			);
			defaultConfigurationIsVisible = 0;
			defaultConfigurationName = Release;
		};
		47936FFE27210A07004F9BA8 /* Build configuration list for PBXNativeTarget "Tests iOS" */ = {
			isa = XCConfigurationList;
			buildConfigurations = (
				47936FFF27210A07004F9BA8 /* Debug */,
				4793700027210A07004F9BA8 /* Release */,
			);
			defaultConfigurationIsVisible = 0;
			defaultConfigurationName = Release;
		};
		4793700127210A07004F9BA8 /* Build configuration list for PBXNativeTarget "Tests macOS" */ = {
			isa = XCConfigurationList;
			buildConfigurations = (
				4793700227210A07004F9BA8 /* Debug */,
				4793700327210A07004F9BA8 /* Release */,
			);
			defaultConfigurationIsVisible = 0;
			defaultConfigurationName = Release;
		};
/* End XCConfigurationList section */
	};
	rootObject = 47936FC327210A06004F9BA8 /* Project object */;
}
